// !$*UTF8*$!
{
	archiveVersion = 1;
	classes = {
	};
	objectVersion = 46;
	objects = {

/* Begin PBXBuildFile section */
		2F449CD11A8D81BA007AF848 /* AppDelegate.swift in Sources */ = {isa = PBXBuildFile; fileRef = 2F449CD01A8D81BA007AF848 /* AppDelegate.swift */; };
		2F449CD31A8D81BA007AF848 /* ViewController.swift in Sources */ = {isa = PBXBuildFile; fileRef = 2F449CD21A8D81BA007AF848 /* ViewController.swift */; };
		2F449CD61A8D81BA007AF848 /* Main.storyboard in Resources */ = {isa = PBXBuildFile; fileRef = 2F449CD41A8D81BA007AF848 /* Main.storyboard */; };
		2F449CD81A8D81BA007AF848 /* Images.xcassets in Resources */ = {isa = PBXBuildFile; fileRef = 2F449CD71A8D81BA007AF848 /* Images.xcassets */; };
		2F449CDB1A8D81BA007AF848 /* LaunchScreen.xib in Resources */ = {isa = PBXBuildFile; fileRef = 2F449CD91A8D81BA007AF848 /* LaunchScreen.xib */; };
		2F449CE71A8D81BA007AF848 /* YelpCloneTests.swift in Sources */ = {isa = PBXBuildFile; fileRef = 2F449CE61A8D81BA007AF848 /* YelpCloneTests.swift */; };
/* End PBXBuildFile section */

/* Begin PBXContainerItemProxy section */
		2F449CE11A8D81BA007AF848 /* PBXContainerItemProxy */ = {
			isa = PBXContainerItemProxy;
			containerPortal = 2F449CC31A8D81BA007AF848 /* Project object */;
			proxyType = 1;
			remoteGlobalIDString = 2F449CCA1A8D81BA007AF848;
			remoteInfo = YelpClone;
		};
/* End PBXContainerItemProxy section */

/* Begin PBXFileReference section */
		2F449CCB1A8D81BA007AF848 /* YelpClone.app */ = {isa = PBXFileReference; explicitFileType = wrapper.application; includeInIndex = 0; path = YelpClone.app; sourceTree = BUILT_PRODUCTS_DIR; };
		2F449CCF1A8D81BA007AF848 /* Info.plist */ = {isa = PBXFileReference; lastKnownFileType = text.plist.xml; path = Info.plist; sourceTree = "<group>"; };
		2F449CD01A8D81BA007AF848 /* AppDelegate.swift */ = {isa = PBXFileReference; lastKnownFileType = sourcecode.swift; path = AppDelegate.swift; sourceTree = "<group>"; };
		2F449CD21A8D81BA007AF848 /* ViewController.swift */ = {isa = PBXFileReference; lastKnownFileType = sourcecode.swift; path = ViewController.swift; sourceTree = "<group>"; };
		2F449CD51A8D81BA007AF848 /* Base */ = {isa = PBXFileReference; lastKnownFileType = file.storyboard; name = Base; path = Base.lproj/Main.storyboard; sourceTree = "<group>"; };
		2F449CD71A8D81BA007AF848 /* Images.xcassets */ = {isa = PBXFileReference; lastKnownFileType = folder.assetcatalog; path = Images.xcassets; sourceTree = "<group>"; };
		2F449CDA1A8D81BA007AF848 /* Base */ = {isa = PBXFileReference; lastKnownFileType = file.xib; name = Base; path = Base.lproj/LaunchScreen.xib; sourceTree = "<group>"; };
		2F449CE01A8D81BA007AF848 /* YelpCloneTests.xctest */ = {isa = PBXFileReference; explicitFileType = wrapper.cfbundle; includeInIndex = 0; path = YelpCloneTests.xctest; sourceTree = BUILT_PRODUCTS_DIR; };
		2F449CE51A8D81BA007AF848 /* Info.plist */ = {isa = PBXFileReference; lastKnownFileType = text.plist.xml; path = Info.plist; sourceTree = "<group>"; };
		2F449CE61A8D81BA007AF848 /* YelpCloneTests.swift */ = {isa = PBXFileReference; lastKnownFileType = sourcecode.swift; path = YelpCloneTests.swift; sourceTree = "<group>"; };
/* End PBXFileReference section */

/* Begin PBXFrameworksBuildPhase section */
		2F449CC81A8D81BA007AF848 /* Frameworks */ = {
			isa = PBXFrameworksBuildPhase;
			buildActionMask = 2147483647;
			files = (
			);
			runOnlyForDeploymentPostprocessing = 0;
		};
		2F449CDD1A8D81BA007AF848 /* Frameworks */ = {
			isa = PBXFrameworksBuildPhase;
			buildActionMask = 2147483647;
			files = (
			);
			runOnlyForDeploymentPostprocessing = 0;
		};
/* End PBXFrameworksBuildPhase section */

/* Begin PBXGroup section */
		2F449CC21A8D81BA007AF848 = {
			isa = PBXGroup;
			children = (
				2F449CCD1A8D81BA007AF848 /* YelpClone */,
				2F449CE31A8D81BA007AF848 /* YelpCloneTests */,
				2F449CCC1A8D81BA007AF848 /* Products */,
			);
			sourceTree = "<group>";
		};
		2F449CCC1A8D81BA007AF848 /* Products */ = {
			isa = PBXGroup;
			children = (
				2F449CCB1A8D81BA007AF848 /* YelpClone.app */,
				2F449CE01A8D81BA007AF848 /* YelpCloneTests.xctest */,
			);
			name = Products;
			sourceTree = "<group>";
		};
		2F449CCD1A8D81BA007AF848 /* YelpClone */ = {
			isa = PBXGroup;
			children = (
				2F449CD01A8D81BA007AF848 /* AppDelegate.swift */,
				2F449CD21A8D81BA007AF848 /* ViewController.swift */,
				2F449CD41A8D81BA007AF848 /* Main.storyboard */,
				2F449CD71A8D81BA007AF848 /* Images.xcassets */,
				2F449CD91A8D81BA007AF848 /* LaunchScreen.xib */,
				2F449CCE1A8D81BA007AF848 /* Supporting Files */,
			);
			path = YelpClone;
			sourceTree = "<group>";
		};
		2F449CCE1A8D81BA007AF848 /* Supporting Files */ = {
			isa = PBXGroup;
			children = (
				2F449CCF1A8D81BA007AF848 /* Info.plist */,
			);
			name = "Supporting Files";
			sourceTree = "<group>";
		};
		2F449CE31A8D81BA007AF848 /* YelpCloneTests */ = {
			isa = PBXGroup;
			children = (
				2F449CE61A8D81BA007AF848 /* YelpCloneTests.swift */,
				2F449CE41A8D81BA007AF848 /* Supporting Files */,
			);
			path = YelpCloneTests;
			sourceTree = "<group>";
		};
		2F449CE41A8D81BA007AF848 /* Supporting Files */ = {
			isa = PBXGroup;
			children = (
				2F449CE51A8D81BA007AF848 /* Info.plist */,
			);
			name = "Supporting Files";
			sourceTree = "<group>";
		};
/* End PBXGroup section */

/* Begin PBXNativeTarget section */
		2F449CCA1A8D81BA007AF848 /* YelpClone */ = {
			isa = PBXNativeTarget;
			buildConfigurationList = 2F449CEA1A8D81BA007AF848 /* Build configuration list for PBXNativeTarget "YelpClone" */;
			buildPhases = (
				2F449CC71A8D81BA007AF848 /* Sources */,
				2F449CC81A8D81BA007AF848 /* Frameworks */,
				2F449CC91A8D81BA007AF848 /* Resources */,
			);
			buildRules = (
			);
			dependencies = (
			);
			name = YelpClone;
			productName = YelpClone;
			productReference = 2F449CCB1A8D81BA007AF848 /* YelpClone.app */;
			productType = "com.apple.product-type.application";
		};
		2F449CDF1A8D81BA007AF848 /* YelpCloneTests */ = {
			isa = PBXNativeTarget;
			buildConfigurationList = 2F449CED1A8D81BA007AF848 /* Build configuration list for PBXNativeTarget "YelpCloneTests" */;
			buildPhases = (
				2F449CDC1A8D81BA007AF848 /* Sources */,
				2F449CDD1A8D81BA007AF848 /* Frameworks */,
				2F449CDE1A8D81BA007AF848 /* Resources */,
			);
			buildRules = (
			);
			dependencies = (
				2F449CE21A8D81BA007AF848 /* PBXTargetDependency */,
			);
			name = YelpCloneTests;
			productName = YelpCloneTests;
			productReference = 2F449CE01A8D81BA007AF848 /* YelpCloneTests.xctest */;
			productType = "com.apple.product-type.bundle.unit-test";
		};
/* End PBXNativeTarget section */

/* Begin PBXProject section */
		2F449CC31A8D81BA007AF848 /* Project object */ = {
			isa = PBXProject;
			attributes = {
				LastUpgradeCheck = 0610;
				ORGANIZATIONNAME = "Josh Lehman";
				TargetAttributes = {
					2F449CCA1A8D81BA007AF848 = {
						CreatedOnToolsVersion = 6.1.1;
					};
					2F449CDF1A8D81BA007AF848 = {
						CreatedOnToolsVersion = 6.1.1;
						TestTargetID = 2F449CCA1A8D81BA007AF848;
					};
				};
			};
			buildConfigurationList = 2F449CC61A8D81BA007AF848 /* Build configuration list for PBXProject "YelpClone" */;
			compatibilityVersion = "Xcode 3.2";
			developmentRegion = English;
			hasScannedForEncodings = 0;
			knownRegions = (
				en,
				Base,
			);
			mainGroup = 2F449CC21A8D81BA007AF848;
			productRefGroup = 2F449CCC1A8D81BA007AF848 /* Products */;
			projectDirPath = "";
			projectRoot = "";
			targets = (
				2F449CCA1A8D81BA007AF848 /* YelpClone */,
				2F449CDF1A8D81BA007AF848 /* YelpCloneTests */,
			);
		};
/* End PBXProject section */

/* Begin PBXResourcesBuildPhase section */
		2F449CC91A8D81BA007AF848 /* Resources */ = {
			isa = PBXResourcesBuildPhase;
			buildActionMask = 2147483647;
			files = (
				2F449CD61A8D81BA007AF848 /* Main.storyboard in Resources */,
				2F449CDB1A8D81BA007AF848 /* LaunchScreen.xib in Resources */,
				2F449CD81A8D81BA007AF848 /* Images.xcassets in Resources */,
			);
			runOnlyForDeploymentPostprocessing = 0;
		};
		2F449CDE1A8D81BA007AF848 /* Resources */ = {
			isa = PBXResourcesBuildPhase;
			buildActionMask = 2147483647;
			files = (
			);
			runOnlyForDeploymentPostprocessing = 0;
		};
/* End PBXResourcesBuildPhase section */

/* Begin PBXSourcesBuildPhase section */
		2F449CC71A8D81BA007AF848 /* Sources */ = {
			isa = PBXSourcesBuildPhase;
			buildActionMask = 2147483647;
			files = (
				2F449CD31A8D81BA007AF848 /* ViewController.swift in Sources */,
				2F449CD11A8D81BA007AF848 /* AppDelegate.swift in Sources */,
			);
			runOnlyForDeploymentPostprocessing = 0;
		};
		2F449CDC1A8D81BA007AF848 /* Sources */ = {
			isa = PBXSourcesBuildPhase;
			buildActionMask = 2147483647;
			files = (
				2F449CE71A8D81BA007AF848 /* YelpCloneTests.swift in Sources */,
			);
			runOnlyForDeploymentPostprocessing = 0;
		};
/* End PBXSourcesBuildPhase section */

/* Begin PBXTargetDependency section */
		2F449CE21A8D81BA007AF848 /* PBXTargetDependency */ = {
			isa = PBXTargetDependency;
			target = 2F449CCA1A8D81BA007AF848 /* YelpClone */;
			targetProxy = 2F449CE11A8D81BA007AF848 /* PBXContainerItemProxy */;
		};
/* End PBXTargetDependency section */

/* Begin PBXVariantGroup section */
		2F449CD41A8D81BA007AF848 /* Main.storyboard */ = {
			isa = PBXVariantGroup;
			children = (
				2F449CD51A8D81BA007AF848 /* Base */,
			);
			name = Main.storyboard;
			sourceTree = "<group>";
		};
		2F449CD91A8D81BA007AF848 /* LaunchScreen.xib */ = {
			isa = PBXVariantGroup;
			children = (
				2F449CDA1A8D81BA007AF848 /* Base */,
			);
			name = LaunchScreen.xib;
			sourceTree = "<group>";
		};
/* End PBXVariantGroup section */

/* Begin XCBuildConfiguration section */
		2F449CE81A8D81BA007AF848 /* Debug */ = {
			isa = XCBuildConfiguration;
			buildSettings = {
				ALWAYS_SEARCH_USER_PATHS = NO;
				CLANG_CXX_LANGUAGE_STANDARD = "gnu++0x";
				CLANG_CXX_LIBRARY = "libc++";
				CLANG_ENABLE_MODULES = YES;
				CLANG_ENABLE_OBJC_ARC = YES;
				CLANG_WARN_BOOL_CONVERSION = YES;
				CLANG_WARN_CONSTANT_CONVERSION = YES;
				CLANG_WARN_DIRECT_OBJC_ISA_USAGE = YES_ERROR;
				CLANG_WARN_EMPTY_BODY = YES;
				CLANG_WARN_ENUM_CONVERSION = YES;
				CLANG_WARN_INT_CONVERSION = YES;
				CLANG_WARN_OBJC_ROOT_CLASS = YES_ERROR;
				CLANG_WARN_UNREACHABLE_CODE = YES;
				CLANG_WARN__DUPLICATE_METHOD_MATCH = YES;
				"CODE_SIGN_IDENTITY[sdk=iphoneos*]" = "iPhone Developer";
				COPY_PHASE_STRIP = NO;
				ENABLE_STRICT_OBJC_MSGSEND = YES;
				GCC_C_LANGUAGE_STANDARD = gnu99;
				GCC_DYNAMIC_NO_PIC = NO;
				GCC_OPTIMIZATION_LEVEL = 0;
				GCC_PREPROCESSOR_DEFINITIONS = (
					"DEBUG=1",
					"$(inherited)",
				);
				GCC_SYMBOLS_PRIVATE_EXTERN = NO;
				GCC_WARN_64_TO_32_BIT_CONVERSION = YES;
				GCC_WARN_ABOUT_RETURN_TYPE = YES_ERROR;
				GCC_WARN_UNDECLARED_SELECTOR = YES;
				GCC_WARN_UNINITIALIZED_AUTOS = YES_AGGRESSIVE;
				GCC_WARN_UNUSED_FUNCTION = YES;
				GCC_WARN_UNUSED_VARIABLE = YES;
				IPHONEOS_DEPLOYMENT_TARGET = 8.1;
				MTL_ENABLE_DEBUG_INFO = YES;
				ONLY_ACTIVE_ARCH = YES;
				SDKROOT = iphoneos;
				SWIFT_OPTIMIZATION_LEVEL = "-Onone";
				TARGETED_DEVICE_FAMILY = "1,2";
			};
			name = Debug;
		};
		2F449CE91A8D81BA007AF848 /* Release */ = {
			isa = XCBuildConfiguration;
			buildSettings = {
				ALWAYS_SEARCH_USER_PATHS = NO;
				CLANG_CXX_LANGUAGE_STANDARD = "gnu++0x";
				CLANG_CXX_LIBRARY = "libc++";
				CLANG_ENABLE_MODULES = YES;
				CLANG_ENABLE_OBJC_ARC = YES;
				CLANG_WARN_BOOL_CONVERSION = YES;
				CLANG_WARN_CONSTANT_CONVERSION = YES;
				CLANG_WARN_DIRECT_OBJC_ISA_USAGE = YES_ERROR;
				CLANG_WARN_EMPTY_BODY = YES;
				CLANG_WARN_ENUM_CONVERSION = YES;
				CLANG_WARN_INT_CONVERSION = YES;
				CLANG_WARN_OBJC_ROOT_CLASS = YES_ERROR;
				CLANG_WARN_UNREACHABLE_CODE = YES;
				CLANG_WARN__DUPLICATE_METHOD_MATCH = YES;
				"CODE_SIGN_IDENTITY[sdk=iphoneos*]" = "iPhone Developer";
				COPY_PHASE_STRIP = YES;
				ENABLE_NS_ASSERTIONS = NO;
				ENABLE_STRICT_OBJC_MSGSEND = YES;
				GCC_C_LANGUAGE_STANDARD = gnu99;
				GCC_WARN_64_TO_32_BIT_CONVERSION = YES;
				GCC_WARN_ABOUT_RETURN_TYPE = YES_ERROR;
				GCC_WARN_UNDECLARED_SELECTOR = YES;
				GCC_WARN_UNINITIALIZED_AUTOS = YES_AGGRESSIVE;
				GCC_WARN_UNUSED_FUNCTION = YES;
				GCC_WARN_UNUSED_VARIABLE = YES;
				IPHONEOS_DEPLOYMENT_TARGET = 8.1;
				MTL_ENABLE_DEBUG_INFO = NO;
				SDKROOT = iphoneos;
				TARGETED_DEVICE_FAMILY = "1,2";
				VALIDATE_PRODUCT = YES;
			};
			name = Release;
		};
		2F449CEB1A8D81BA007AF848 /* Debug */ = {
			isa = XCBuildConfiguration;
			buildSettings = {
				ASSETCATALOG_COMPILER_APPICON_NAME = AppIcon;
				INFOPLIST_FILE = YelpClone/Info.plist;
				LD_RUNPATH_SEARCH_PATHS = "$(inherited) @executable_path/Frameworks";
				PRODUCT_NAME = "$(TARGET_NAME)";
			};
			name = Debug;
		};
		2F449CEC1A8D81BA007AF848 /* Release */ = {
			isa = XCBuildConfiguration;
			buildSettings = {
				ASSETCATALOG_COMPILER_APPICON_NAME = AppIcon;
				INFOPLIST_FILE = YelpClone/Info.plist;
				LD_RUNPATH_SEARCH_PATHS = "$(inherited) @executable_path/Frameworks";
				PRODUCT_NAME = "$(TARGET_NAME)";
			};
			name = Release;
		};
		2F449CEE1A8D81BA007AF848 /* Debug */ = {
			isa = XCBuildConfiguration;
			buildSettings = {
				BUNDLE_LOADER = "$(TEST_HOST)";
				FRAMEWORK_SEARCH_PATHS = (
					"$(SDKROOT)/Developer/Library/Frameworks",
					"$(inherited)",
				);
				GCC_PREPROCESSOR_DEFINITIONS = (
					"DEBUG=1",
					"$(inherited)",
				);
				INFOPLIST_FILE = YelpCloneTests/Info.plist;
				LD_RUNPATH_SEARCH_PATHS = "$(inherited) @executable_path/Frameworks @loader_path/Frameworks";
				PRODUCT_NAME = "$(TARGET_NAME)";
				TEST_HOST = "$(BUILT_PRODUCTS_DIR)/YelpClone.app/YelpClone";
			};
			name = Debug;
		};
		2F449CEF1A8D81BA007AF848 /* Release */ = {
			isa = XCBuildConfiguration;
			buildSettings = {
				BUNDLE_LOADER = "$(TEST_HOST)";
				FRAMEWORK_SEARCH_PATHS = (
					"$(SDKROOT)/Developer/Library/Frameworks",
					"$(inherited)",
				);
				INFOPLIST_FILE = YelpCloneTests/Info.plist;
				LD_RUNPATH_SEARCH_PATHS = "$(inherited) @executable_path/Frameworks @loader_path/Frameworks";
				PRODUCT_NAME = "$(TARGET_NAME)";
				TEST_HOST = "$(BUILT_PRODUCTS_DIR)/YelpClone.app/YelpClone";
			};
			name = Release;
		};
/* End XCBuildConfiguration section */

/* Begin XCConfigurationList section */
		2F449CC61A8D81BA007AF848 /* Build configuration list for PBXProject "YelpClone" */ = {
			isa = XCConfigurationList;
			buildConfigurations = (
				2F449CE81A8D81BA007AF848 /* Debug */,
				2F449CE91A8D81BA007AF848 /* Release */,
			);
			defaultConfigurationIsVisible = 0;
			defaultConfigurationName = Release;
		};
		2F449CEA1A8D81BA007AF848 /* Build configuration list for PBXNativeTarget "YelpClone" */ = {
			isa = XCConfigurationList;
			buildConfigurations = (
				2F449CEB1A8D81BA007AF848 /* Debug */,
				2F449CEC1A8D81BA007AF848 /* Release */,
			);
			defaultConfigurationIsVisible = 0;
		};
		2F449CED1A8D81BA007AF848 /* Build configuration list for PBXNativeTarget "YelpCloneTests" */ = {
			isa = XCConfigurationList;
			buildConfigurations = (
				2F449CEE1A8D81BA007AF848 /* Debug */,
				2F449CEF1A8D81BA007AF848 /* Release */,
			);
			defaultConfigurationIsVisible = 0;
		};
/* End XCConfigurationList section */
	};
	rootObject = 2F449CC31A8D81BA007AF848 /* Project object */;
}
